
Microsoft Visual Studio Solution File, Format Version 12.00
# Visual Studio 15
VisualStudioVersion = 15.0.27130.0
MinimumVisualStudioVersion = 10.0.40219.1
Project("{FAE04EC0-301F-11D3-BF4B-00C04F79EFBC}") = "PoshGrep", "PoshGrep\PoshGrep.csproj", "{42632D30-FE90-4E61-BA81-9C20353FFD73}"
EndProject
Global
	GlobalSection(SolutionConfigurationPlatforms) = preSolution
		Debug|Any CPU = Debug|Any CPU
		Release|Any CPU = Release|Any CPU
	EndGlobalSection
	GlobalSection(ProjectConfigurationPlatforms) = postSolution
		{42632D30-FE90-4E61-BA81-9C20353FFD73}.Debug|Any CPU.ActiveCfg = Debug|Any CPU
		{42632D30-FE90-4E61-BA81-9C20353FFD73}.Debug|Any CPU.Build.0 = Debug|Any CPU
		{42632D30-FE90-4E61-BA81-9C20353FFD73}.Release|Any CPU.ActiveCfg = Release|Any CPU
		{42632D30-FE90-4E61-BA81-9C20353FFD73}.Release|Any CPU.Build.0 = Release|Any CPU
	EndGlobalSection
	GlobalSection(SolutionProperties) = preSolution
		HideSolutionNode = FALSE
	EndGlobalSection
	GlobalSection(ExtensibilityGlobals) = postSolution
		SolutionGuid = {181A3151-DB65-463E-852A-2D2DC4CBD790}
	EndGlobalSection
EndGlobal
